
Microsoft Visual Studio Solution File, Format Version 12.00
# Visual Studio Version 16
VisualStudioVersion = 16.0.31129.286
MinimumVisualStudioVersion = 10.0.40219.1
Project("{FAE04EC0-301F-11D3-BF4B-00C04F79EFBC}") = "ProjetoTestGit", "ProjetoTestGit\ProjetoTestGit.csproj", "{EE855A32-E93A-403B-8311-AFF3AB352FBE}"
EndProject
Global
	GlobalSection(SolutionConfigurationPlatforms) = preSolution
		Debug|Any CPU = Debug|Any CPU
		Release|Any CPU = Release|Any CPU
	EndGlobalSection
	GlobalSection(ProjectConfigurationPlatforms) = postSolution
		{EE855A32-E93A-403B-8311-AFF3AB352FBE}.Debug|Any CPU.ActiveCfg = Debug|Any CPU
		{EE855A32-E93A-403B-8311-AFF3AB352FBE}.Debug|Any CPU.Build.0 = Debug|Any CPU
		{EE855A32-E93A-403B-8311-AFF3AB352FBE}.Release|Any CPU.ActiveCfg = Release|Any CPU
		{EE855A32-E93A-403B-8311-AFF3AB352FBE}.Release|Any CPU.Build.0 = Release|Any CPU
	EndGlobalSection
	GlobalSection(SolutionProperties) = preSolution
		HideSolutionNode = FALSE
	EndGlobalSection
	GlobalSection(ExtensibilityGlobals) = postSolution
		SolutionGuid = {E70BA3E2-08B2-4B19-8B9B-262741A80477}
	EndGlobalSection
EndGlobal
